
Microsoft Visual Studio Solution File, Format Version 12.00
# Visual Studio Version 17
VisualStudioVersion = 17.2.32516.85
MinimumVisualStudioVersion = 10.0.40219.1
Project("{FAE04EC0-301F-11D3-BF4B-00C04F79EFBC}") = "ProductOwner.Microservice", "ProductOwner.Microservice\ProductOwner.Microservice.csproj", "{B8F52921-4E3C-4508-A2F0-D0066236E92C}"
EndProject
Project("{FAE04EC0-301F-11D3-BF4B-00C04F79EFBC}") = "ProductUser.Microservice", "ProductUser.Microservice\ProductUser.Microservice.csproj", "{90DFF622-579E-4623-8B4F-0809207D88CF}"
EndProject
Global
	GlobalSection(SolutionConfigurationPlatforms) = preSolution
		Debug|Any CPU = Debug|Any CPU
		Release|Any CPU = Release|Any CPU
	EndGlobalSection
	GlobalSection(ProjectConfigurationPlatforms) = postSolution
		{B8F52921-4E3C-4508-A2F0-D0066236E92C}.Debug|Any CPU.ActiveCfg = Debug|Any CPU
		{B8F52921-4E3C-4508-A2F0-D0066236E92C}.Debug|Any CPU.Build.0 = Debug|Any CPU
		{B8F52921-4E3C-4508-A2F0-D0066236E92C}.Release|Any CPU.ActiveCfg = Release|Any CPU
		{B8F52921-4E3C-4508-A2F0-D0066236E92C}.Release|Any CPU.Build.0 = Release|Any CPU
		{90DFF622-579E-4623-8B4F-0809207D88CF}.Debug|Any CPU.ActiveCfg = Debug|Any CPU
		{90DFF622-579E-4623-8B4F-0809207D88CF}.Debug|Any CPU.Build.0 = Debug|Any CPU
		{90DFF622-579E-4623-8B4F-0809207D88CF}.Release|Any CPU.ActiveCfg = Release|Any CPU
		{90DFF622-579E-4623-8B4F-0809207D88CF}.Release|Any CPU.Build.0 = Release|Any CPU
	EndGlobalSection
	GlobalSection(SolutionProperties) = preSolution
		HideSolutionNode = FALSE
	EndGlobalSection
	GlobalSection(ExtensibilityGlobals) = postSolution
		SolutionGuid = {663F9567-DC60-41CD-A7C1-88E941EE9E1D}
	EndGlobalSection
EndGlobal
